// !$*UTF8*$!
{
	archiveVersion = 1;
	classes = {
	};
	objectVersion = 55;
	objects = {

/* Begin PBXBuildFile section */
		221431DD278DDA09005695C1 /* MessageBubble.swift in Sources */ = {isa = PBXBuildFile; fileRef = 221431DC278DDA09005695C1 /* MessageBubble.swift */; };
		221431E0278DDD54005695C1 /* Message.swift in Sources */ = {isa = PBXBuildFile; fileRef = 221431DF278DDD54005695C1 /* Message.swift */; };
		221431E2278DE0F4005695C1 /* TitleRow.swift in Sources */ = {isa = PBXBuildFile; fileRef = 221431E1278DE0F4005695C1 /* TitleRow.swift */; };
		221431E4278DEA66005695C1 /* MessageField.swift in Sources */ = {isa = PBXBuildFile; fileRef = 221431E3278DEA66005695C1 /* MessageField.swift */; };
		221431E6278DF4FF005695C1 /* Extensions.swift in Sources */ = {isa = PBXBuildFile; fileRef = 221431E5278DF4FF005695C1 /* Extensions.swift */; };
		221431E8278E088E005695C1 /* GoogleService-Info.plist in Resources */ = {isa = PBXBuildFile; fileRef = 221431E7278E088E005695C1 /* GoogleService-Info.plist */; };
		221431ED278E36C0005695C1 /* MessagesManager.swift in Sources */ = {isa = PBXBuildFile; fileRef = 221431EC278E36C0005695C1 /* MessagesManager.swift */; };
		221431F7278E3D4B005695C1 /* FirebaseFirestore in Frameworks */ = {isa = PBXBuildFile; productRef = 221431F6278E3D4B005695C1 /* FirebaseFirestore */; };
		221431F9278E3D4B005695C1 /* FirebaseFirestoreSwift-Beta in Frameworks */ = {isa = PBXBuildFile; productRef = 221431F8278E3D4B005695C1 /* FirebaseFirestoreSwift-Beta */; };
		22F00B99278CE6DA00F23D14 /* ChatAppApp.swift in Sources */ = {isa = PBXBuildFile; fileRef = 22F00B98278CE6DA00F23D14 /* ChatAppApp.swift */; };
		22F00B9B278CE6DA00F23D14 /* ContentView.swift in Sources */ = {isa = PBXBuildFile; fileRef = 22F00B9A278CE6DA00F23D14 /* ContentView.swift */; };
		22F00B9D278CE6DB00F23D14 /* Assets.xcassets in Resources */ = {isa = PBXBuildFile; fileRef = 22F00B9C278CE6DB00F23D14 /* Assets.xcassets */; };
		22F00BA0278CE6DB00F23D14 /* Preview Assets.xcassets in Resources */ = {isa = PBXBuildFile; fileRef = 22F00B9F278CE6DB00F23D14 /* Preview Assets.xcassets */; };
/* End PBXBuildFile section */

/* Begin PBXFileReference section */
		221431DC278DDA09005695C1 /* MessageBubble.swift */ = {isa = PBXFileReference; lastKnownFileType = sourcecode.swift; path = MessageBubble.swift; sourceTree = "<group>"; };
		221431DF278DDD54005695C1 /* Message.swift */ = {isa = PBXFileReference; lastKnownFileType = sourcecode.swift; path = Message.swift; sourceTree = "<group>"; };
		221431E1278DE0F4005695C1 /* TitleRow.swift */ = {isa = PBXFileReference; lastKnownFileType = sourcecode.swift; path = TitleRow.swift; sourceTree = "<group>"; };
		221431E3278DEA66005695C1 /* MessageField.swift */ = {isa = PBXFileReference; lastKnownFileType = sourcecode.swift; path = MessageField.swift; sourceTree = "<group>"; };
		221431E5278DF4FF005695C1 /* Extensions.swift */ = {isa = PBXFileReference; lastKnownFileType = sourcecode.swift; path = Extensions.swift; sourceTree = "<group>"; };
		221431E7278E088E005695C1 /* GoogleService-Info.plist */ = {isa = PBXFileReference; fileEncoding = 4; lastKnownFileType = text.plist.xml; path = "GoogleService-Info.plist"; sourceTree = "<group>"; };
		221431EC278E36C0005695C1 /* MessagesManager.swift */ = {isa = PBXFileReference; lastKnownFileType = sourcecode.swift; path = MessagesManager.swift; sourceTree = "<group>"; };
		22F00B95278CE6DA00F23D14 /* ChatApp.app */ = {isa = PBXFileReference; explicitFileType = wrapper.application; includeInIndex = 0; path = ChatApp.app; sourceTree = BUILT_PRODUCTS_DIR; };
		22F00B98278CE6DA00F23D14 /* ChatAppApp.swift */ = {isa = PBXFileReference; lastKnownFileType = sourcecode.swift; path = ChatAppApp.swift; sourceTree = "<group>"; };
		22F00B9A278CE6DA00F23D14 /* ContentView.swift */ = {isa = PBXFileReference; lastKnownFileType = sourcecode.swift; path = ContentView.swift; sourceTree = "<group>"; };
		22F00B9C278CE6DB00F23D14 /* Assets.xcassets */ = {isa = PBXFileReference; lastKnownFileType = folder.assetcatalog; path = Assets.xcassets; sourceTree = "<group>"; };
		22F00B9F278CE6DB00F23D14 /* Preview Assets.xcassets */ = {isa = PBXFileReference; lastKnownFileType = folder.assetcatalog; path = "Preview Assets.xcassets"; sourceTree = "<group>"; };
/* End PBXFileReference section */

/* Begin PBXFrameworksBuildPhase section */
		22F00B92278CE6DA00F23D14 /* Frameworks */ = {
			isa = PBXFrameworksBuildPhase;
			buildActionMask = 2147483647;
			files = (
				221431F7278E3D4B005695C1 /* FirebaseFirestore in Frameworks */,
				221431F9278E3D4B005695C1 /* FirebaseFirestoreSwift-Beta in Frameworks */,
			);
			runOnlyForDeploymentPostprocessing = 0;
		};
/* End PBXFrameworksBuildPhase section */

/* Begin PBXGroup section */
		221431DB278DD9FB005695C1 /* Components */ = {
			isa = PBXGroup;
			children = (
				221431E1278DE0F4005695C1 /* TitleRow.swift */,
				221431DC278DDA09005695C1 /* MessageBubble.swift */,
				221431E3278DEA66005695C1 /* MessageField.swift */,
			);
			path = Components;
			sourceTree = "<group>";
		};
		221431DE278DDD4A005695C1 /* Models */ = {
			isa = PBXGroup;
			children = (
				221431DF278DDD54005695C1 /* Message.swift */,
			);
			path = Models;
			sourceTree = "<group>";
		};
		221431EE278E3A17005695C1 /* Frameworks */ = {
			isa = PBXGroup;
			children = (
			);
			name = Frameworks;
			sourceTree = "<group>";
		};
		22F00B8C278CE6DA00F23D14 = {
			isa = PBXGroup;
			children = (
				22F00B97278CE6DA00F23D14 /* ChatApp */,
				22F00B96278CE6DA00F23D14 /* Products */,
				221431EE278E3A17005695C1 /* Frameworks */,
			);
			sourceTree = "<group>";
		};
		22F00B96278CE6DA00F23D14 /* Products */ = {
			isa = PBXGroup;
			children = (
				22F00B95278CE6DA00F23D14 /* ChatApp.app */,
			);
			name = Products;
			sourceTree = "<group>";
		};
		22F00B97278CE6DA00F23D14 /* ChatApp */ = {
			isa = PBXGroup;
			children = (
				22F00B98278CE6DA00F23D14 /* ChatAppApp.swift */,
				22F00B9A278CE6DA00F23D14 /* ContentView.swift */,
				221431E5278DF4FF005695C1 /* Extensions.swift */,
				221431EC278E36C0005695C1 /* MessagesManager.swift */,
				221431E7278E088E005695C1 /* GoogleService-Info.plist */,
				221431DE278DDD4A005695C1 /* Models */,
				221431DB278DD9FB005695C1 /* Components */,
				22F00B9C278CE6DB00F23D14 /* Assets.xcassets */,
				22F00B9E278CE6DB00F23D14 /* Preview Content */,
			);
			path = ChatApp;
			sourceTree = "<group>";
		};
		22F00B9E278CE6DB00F23D14 /* Preview Content */ = {
			isa = PBXGroup;
			children = (
				22F00B9F278CE6DB00F23D14 /* Preview Assets.xcassets */,
			);
			path = "Preview Content";
			sourceTree = "<group>";
		};
/* End PBXGroup section */

/* Begin PBXNativeTarget section */
		22F00B94278CE6DA00F23D14 /* ChatApp */ = {
			isa = PBXNativeTarget;
			buildConfigurationList = 22F00BA3278CE6DB00F23D14 /* Build configuration list for PBXNativeTarget "ChatApp" */;
			buildPhases = (
				22F00B91278CE6DA00F23D14 /* Sources */,
				22F00B92278CE6DA00F23D14 /* Frameworks */,
				22F00B93278CE6DA00F23D14 /* Resources */,
			);
			buildRules = (
			);
			dependencies = (
			);
			name = ChatApp;
			packageProductDependencies = (
				221431F6278E3D4B005695C1 /* FirebaseFirestore */,
				221431F8278E3D4B005695C1 /* FirebaseFirestoreSwift-Beta */,
			);
			productName = ChatApp;
			productReference = 22F00B95278CE6DA00F23D14 /* ChatApp.app */;
			productType = "com.apple.product-type.application";
		};
/* End PBXNativeTarget section */

/* Begin PBXProject section */
		22F00B8D278CE6DA00F23D14 /* Project object */ = {
			isa = PBXProject;
			attributes = {
				BuildIndependentTargetsInParallel = 1;
				LastSwiftUpdateCheck = 1320;
				LastUpgradeCheck = 1320;
				TargetAttributes = {
					22F00B94278CE6DA00F23D14 = {
						CreatedOnToolsVersion = 13.2.1;
					};
				};
			};
			buildConfigurationList = 22F00B90278CE6DA00F23D14 /* Build configuration list for PBXProject "ChatApp" */;
			compatibilityVersion = "Xcode 13.0";
			developmentRegion = en;
			hasScannedForEncodings = 0;
			knownRegions = (
				en,
				Base,
			);
			mainGroup = 22F00B8C278CE6DA00F23D14;
			packageReferences = (
				221431F5278E3D4B005695C1 /* XCRemoteSwiftPackageReference "firebase-ios-sdk" */,
			);
			productRefGroup = 22F00B96278CE6DA00F23D14 /* Products */;
			projectDirPath = "";
			projectRoot = "";
			targets = (
				22F00B94278CE6DA00F23D14 /* ChatApp */,
			);
		};
/* End PBXProject section */

/* Begin PBXResourcesBuildPhase section */
		22F00B93278CE6DA00F23D14 /* Resources */ = {
			isa = PBXResourcesBuildPhase;
			buildActionMask = 2147483647;
			files = (
				22F00BA0278CE6DB00F23D14 /* Preview Assets.xcassets in Resources */,
				22F00B9D278CE6DB00F23D14 /* Assets.xcassets in Resources */,
				221431E8278E088E005695C1 /* GoogleService-Info.plist in Resources */,
			);
			runOnlyForDeploymentPostprocessing = 0;
		};
/* End PBXResourcesBuildPhase section */

/* Begin PBXSourcesBuildPhase section */
		22F00B91278CE6DA00F23D14 /* Sources */ = {
			isa = PBXSourcesBuildPhase;
			buildActionMask = 2147483647;
			files = (
				22F00B9B278CE6DA00F23D14 /* ContentView.swift in Sources */,
				221431E0278DDD54005695C1 /* Message.swift in Sources */,
				221431DD278DDA09005695C1 /* MessageBubble.swift in Sources */,
				221431ED278E36C0005695C1 /* MessagesManager.swift in Sources */,
				221431E2278DE0F4005695C1 /* TitleRow.swift in Sources */,
				221431E4278DEA66005695C1 /* MessageField.swift in Sources */,
				22F00B99278CE6DA00F23D14 /* ChatAppApp.swift in Sources */,
				221431E6278DF4FF005695C1 /* Extensions.swift in Sources */,
			);
			runOnlyForDeploymentPostprocessing = 0;
		};
/* End PBXSourcesBuildPhase section */

/* Begin XCBuildConfiguration section */
		22F00BA1278CE6DB00F23D14 /* Debug */ = {
			isa = XCBuildConfiguration;
			buildSettings = {
				ALWAYS_SEARCH_USER_PATHS = NO;
				CLANG_ANALYZER_NONNULL = YES;
				CLANG_ANALYZER_NUMBER_OBJECT_CONVERSION = YES_AGGRESSIVE;
				CLANG_CXX_LANGUAGE_STANDARD = "gnu++17";
				CLANG_CXX_LIBRARY = "libc++";
				CLANG_ENABLE_MODULES = YES;
				CLANG_ENABLE_OBJC_ARC = YES;
				CLANG_ENABLE_OBJC_WEAK = YES;
				CLANG_WARN_BLOCK_CAPTURE_AUTORELEASING = YES;
				CLANG_WARN_BOOL_CONVERSION = YES;
				CLANG_WARN_COMMA = YES;
				CLANG_WARN_CONSTANT_CONVERSION = YES;
				CLANG_WARN_DEPRECATED_OBJC_IMPLEMENTATIONS = YES;
				CLANG_WARN_DIRECT_OBJC_ISA_USAGE = YES_ERROR;
				CLANG_WARN_DOCUMENTATION_COMMENTS = YES;
				CLANG_WARN_EMPTY_BODY = YES;
				CLANG_WARN_ENUM_CONVERSION = YES;
				CLANG_WARN_INFINITE_RECURSION = YES;
				CLANG_WARN_INT_CONVERSION = YES;
				CLANG_WARN_NON_LITERAL_NULL_CONVERSION = YES;
				CLANG_WARN_OBJC_IMPLICIT_RETAIN_SELF = YES;
				CLANG_WARN_OBJC_LITERAL_CONVERSION = YES;
				CLANG_WARN_OBJC_ROOT_CLASS = YES_ERROR;
				CLANG_WARN_QUOTED_INCLUDE_IN_FRAMEWORK_HEADER = YES;
				CLANG_WARN_RANGE_LOOP_ANALYSIS = YES;
				CLANG_WARN_STRICT_PROTOTYPES = YES;
				CLANG_WARN_SUSPICIOUS_MOVE = YES;
				CLANG_WARN_UNGUARDED_AVAILABILITY = YES_AGGRESSIVE;
				CLANG_WARN_UNREACHABLE_CODE = YES;
				CLANG_WARN__DUPLICATE_METHOD_MATCH = YES;
				COPY_PHASE_STRIP = NO;
				DEBUG_INFORMATION_FORMAT = dwarf;
				ENABLE_STRICT_OBJC_MSGSEND = YES;
				ENABLE_TESTABILITY = YES;
				GCC_C_LANGUAGE_STANDARD = gnu11;
				GCC_DYNAMIC_NO_PIC = NO;
				GCC_NO_COMMON_BLOCKS = YES;
				GCC_OPTIMIZATION_LEVEL = 0;
				GCC_PREPROCESSOR_DEFINITIONS = (
					"DEBUG=1",
					"$(inherited)",
				);
				GCC_WARN_64_TO_32_BIT_CONVERSION = YES;
				GCC_WARN_ABOUT_RETURN_TYPE = YES_ERROR;
				GCC_WARN_UNDECLARED_SELECTOR = YES;
				GCC_WARN_UNINITIALIZED_AUTOS = YES_AGGRESSIVE;
				GCC_WARN_UNUSED_FUNCTION = YES;
				GCC_WARN_UNUSED_VARIABLE = YES;
				IPHONEOS_DEPLOYMENT_TARGET = 15.2;
				MTL_ENABLE_DEBUG_INFO = INCLUDE_SOURCE;
				MTL_FAST_MATH = YES;
				ONLY_ACTIVE_ARCH = YES;
				SDKROOT = iphoneos;
				SWIFT_ACTIVE_COMPILATION_CONDITIONS = DEBUG;
				SWIFT_OPTIMIZATION_LEVEL = "-Onone";
			};
			name = Debug;
		};
		22F00BA2278CE6DB00F23D14 /* Release */ = {
			isa = XCBuildConfiguration;
			buildSettings = {
				ALWAYS_SEARCH_USER_PATHS = NO;
				CLANG_ANALYZER_NONNULL = YES;
				CLANG_ANALYZER_NUMBER_OBJECT_CONVERSION = YES_AGGRESSIVE;
				CLANG_CXX_LANGUAGE_STANDARD = "gnu++17";
				CLANG_CXX_LIBRARY = "libc++";
				CLANG_ENABLE_MODULES = YES;
				CLANG_ENABLE_OBJC_ARC = YES;
				CLANG_ENABLE_OBJC_WEAK = YES;
				CLANG_WARN_BLOCK_CAPTURE_AUTORELEASING = YES;
				CLANG_WARN_BOOL_CONVERSION = YES;
				CLANG_WARN_COMMA = YES;
				CLANG_WARN_CONSTANT_CONVERSION = YES;
				CLANG_WARN_DEPRECATED_OBJC_IMPLEMENTATIONS = YES;
				CLANG_WARN_DIRECT_OBJC_ISA_USAGE = YES_ERROR;
				CLANG_WARN_DOCUMENTATION_COMMENTS = YES;
				CLANG_WARN_EMPTY_BODY = YES;
				CLANG_WARN_ENUM_CONVERSION = YES;
				CLANG_WARN_INFINITE_RECURSION = YES;
				CLANG_WARN_INT_CONVERSION = YES;
				CLANG_WARN_NON_LITERAL_NULL_CONVERSION = YES;
				CLANG_WARN_OBJC_IMPLICIT_RETAIN_SELF = YES;
				CLANG_WARN_OBJC_LITERAL_CONVERSION = YES;
				CLANG_WARN_OBJC_ROOT_CLASS = YES_ERROR;
				CLANG_WARN_QUOTED_INCLUDE_IN_FRAMEWORK_HEADER = YES;
				CLANG_WARN_RANGE_LOOP_ANALYSIS = YES;
				CLANG_WARN_STRICT_PROTOTYPES = YES;
				CLANG_WARN_SUSPICIOUS_MOVE = YES;
				CLANG_WARN_UNGUARDED_AVAILABILITY = YES_AGGRESSIVE;
				CLANG_WARN_UNREACHABLE_CODE = YES;
				CLANG_WARN__DUPLICATE_METHOD_MATCH = YES;
				COPY_PHASE_STRIP = NO;
				DEBUG_INFORMATION_FORMAT = "dwarf-with-dsym";
				ENABLE_NS_ASSERTIONS = NO;
				ENABLE_STRICT_OBJC_MSGSEND = YES;
				GCC_C_LANGUAGE_STANDARD = gnu11;
				GCC_NO_COMMON_BLOCKS = YES;
				GCC_WARN_64_TO_32_BIT_CONVERSION = YES;
				GCC_WARN_ABOUT_RETURN_TYPE = YES_ERROR;
				GCC_WARN_UNDECLARED_SELECTOR = YES;
				GCC_WARN_UNINITIALIZED_AUTOS = YES_AGGRESSIVE;
				GCC_WARN_UNUSED_FUNCTION = YES;
				GCC_WARN_UNUSED_VARIABLE = YES;
				IPHONEOS_DEPLOYMENT_TARGET = 15.2;
				MTL_ENABLE_DEBUG_INFO = NO;
				MTL_FAST_MATH = YES;
				SDKROOT = iphoneos;
				SWIFT_COMPILATION_MODE = wholemodule;
				SWIFT_OPTIMIZATION_LEVEL = "-O";
				VALIDATE_PRODUCT = YES;
			};
			name = Release;
		};
		22F00BA4278CE6DB00F23D14 /* Debug */ = {
			isa = XCBuildConfiguration;
			buildSettings = {
				ASSETCATALOG_COMPILER_APPICON_NAME = AppIcon;
				ASSETCATALOG_COMPILER_GLOBAL_ACCENT_COLOR_NAME = AccentColor;
				CODE_SIGN_STYLE = Automatic;
				CURRENT_PROJECT_VERSION = 1;
				DEVELOPMENT_ASSET_PATHS = "\"ChatApp/Preview Content\"";
				DEVELOPMENT_TEAM = 68WS2M23VC;
				ENABLE_PREVIEWS = YES;
				GENERATE_INFOPLIST_FILE = YES;
				INFOPLIST_KEY_UIApplicationSceneManifest_Generation = YES;
				INFOPLIST_KEY_UIApplicationSupportsIndirectInputEvents = YES;
				INFOPLIST_KEY_UILaunchScreen_Generation = YES;
				INFOPLIST_KEY_UISupportedInterfaceOrientations_iPad = "UIInterfaceOrientationPortrait UIInterfaceOrientationPortraitUpsideDown UIInterfaceOrientationLandscapeLeft UIInterfaceOrientationLandscapeRight";
				INFOPLIST_KEY_UISupportedInterfaceOrientations_iPhone = "UIInterfaceOrientationPortrait UIInterfaceOrientationLandscapeLeft UIInterfaceOrientationLandscapeRight";
				LD_RUNPATH_SEARCH_PATHS = (
					"$(inherited)",
					"@executable_path/Frameworks",
				);
				MARKETING_VERSION = 1.0;
				PRODUCT_BUNDLE_IDENTIFIER = io.designcode.ChatApp;
				PRODUCT_NAME = "$(TARGET_NAME)";
				SWIFT_EMIT_LOC_STRINGS = YES;
				SWIFT_VERSION = 5.0;
				TARGETED_DEVICE_FAMILY = "1,2";
			};
			name = Debug;
		};
		22F00BA5278CE6DB00F23D14 /* Release */ = {
			isa = XCBuildConfiguration;
			buildSettings = {
				ASSETCATALOG_COMPILER_APPICON_NAME = AppIcon;
				ASSETCATALOG_COMPILER_GLOBAL_ACCENT_COLOR_NAME = AccentColor;
				CODE_SIGN_STYLE = Automatic;
				CURRENT_PROJECT_VERSION = 1;
				DEVELOPMENT_ASSET_PATHS = "\"ChatApp/Preview Content\"";
				DEVELOPMENT_TEAM = 68WS2M23VC;
				ENABLE_PREVIEWS = YES;
				GENERATE_INFOPLIST_FILE = YES;
				INFOPLIST_KEY_UIApplicationSceneManifest_Generation = YES;
				INFOPLIST_KEY_UIApplicationSupportsIndirectInputEvents = YES;
				INFOPLIST_KEY_UILaunchScreen_Generation = YES;
				INFOPLIST_KEY_UISupportedInterfaceOrientations_iPad = "UIInterfaceOrientationPortrait UIInterfaceOrientationPortraitUpsideDown UIInterfaceOrientationLandscapeLeft UIInterfaceOrientationLandscapeRight";
				INFOPLIST_KEY_UISupportedInterfaceOrientations_iPhone = "UIInterfaceOrientationPortrait UIInterfaceOrientationLandscapeLeft UIInterfaceOrientationLandscapeRight";
				LD_RUNPATH_SEARCH_PATHS = (
					"$(inherited)",
					"@executable_path/Frameworks",
				);
				MARKETING_VERSION = 1.0;
				PRODUCT_BUNDLE_IDENTIFIER = io.designcode.ChatApp;
				PRODUCT_NAME = "$(TARGET_NAME)";
				SWIFT_EMIT_LOC_STRINGS = YES;
				SWIFT_VERSION = 5.0;
				TARGETED_DEVICE_FAMILY = "1,2";
			};
			name = Release;
		};
/* End XCBuildConfiguration section */

/* Begin XCConfigurationList section */
		22F00B90278CE6DA00F23D14 /* Build configuration list for PBXProject "ChatApp" */ = {
			isa = XCConfigurationList;
			buildConfigurations = (
				22F00BA1278CE6DB00F23D14 /* Debug */,
				22F00BA2278CE6DB00F23D14 /* Release */,
			);
			defaultConfigurationIsVisible = 0;
			defaultConfigurationName = Release;
		};
		22F00BA3278CE6DB00F23D14 /* Build configuration list for PBXNativeTarget "ChatApp" */ = {
			isa = XCConfigurationList;
			buildConfigurations = (
				22F00BA4278CE6DB00F23D14 /* Debug */,
				22F00BA5278CE6DB00F23D14 /* Release */,
			);
			defaultConfigurationIsVisible = 0;
			defaultConfigurationName = Release;
		};
/* End XCConfigurationList section */

/* Begin XCRemoteSwiftPackageReference section */
		221431F5278E3D4B005695C1 /* XCRemoteSwiftPackageReference "firebase-ios-sdk" */ = {
			isa = XCRemoteSwiftPackageReference;
			repositoryURL = "https://github.com/firebase/firebase-ios-sdk.git";
			requirement = {
				kind = upToNextMajorVersion;
				minimumVersion = 8.0.0;
			};
		};
/* End XCRemoteSwiftPackageReference section */

/* Begin XCSwiftPackageProductDependency section */
		221431F6278E3D4B005695C1 /* FirebaseFirestore */ = {
			isa = XCSwiftPackageProductDependency;
			package = 221431F5278E3D4B005695C1 /* XCRemoteSwiftPackageReference "firebase-ios-sdk" */;
			productName = FirebaseFirestore;
		};
		221431F8278E3D4B005695C1 /* FirebaseFirestoreSwift-Beta */ = {
			isa = XCSwiftPackageProductDependency;
			package = 221431F5278E3D4B005695C1 /* XCRemoteSwiftPackageReference "firebase-ios-sdk" */;
			productName = "FirebaseFirestoreSwift-Beta";
		};
/* End XCSwiftPackageProductDependency section */
	};
	rootObject = 22F00B8D278CE6DA00F23D14 /* Project object */;
}
